
Microsoft Visual Studio Solution File, Format Version 12.00
# Visual Studio Version 17
VisualStudioVersion = 17.5.002.0
MinimumVisualStudioVersion = 10.0.40219.1
Project("{9A19103F-16F7-4668-BE54-9A1E7A4F7556}") = "Labb3QuizApp", "Labb3QuizApp.csproj", "{A800629C-5623-42D5-AE8E-3F4D51895567}"
EndProject
Global
	GlobalSection(SolutionConfigurationPlatforms) = preSolution
		Debug|Any CPU = Debug|Any CPU
		Release|Any CPU = Release|Any CPU
	EndGlobalSection
	GlobalSection(ProjectConfigurationPlatforms) = postSolution
		{A800629C-5623-42D5-AE8E-3F4D51895567}.Debug|Any CPU.ActiveCfg = Debug|Any CPU
		{A800629C-5623-42D5-AE8E-3F4D51895567}.Debug|Any CPU.Build.0 = Debug|Any CPU
		{A800629C-5623-42D5-AE8E-3F4D51895567}.Release|Any CPU.ActiveCfg = Release|Any CPU
		{A800629C-5623-42D5-AE8E-3F4D51895567}.Release|Any CPU.Build.0 = Release|Any CPU
	EndGlobalSection
	GlobalSection(SolutionProperties) = preSolution
		HideSolutionNode = FALSE
	EndGlobalSection
	GlobalSection(ExtensibilityGlobals) = postSolution
		SolutionGuid = {657AE077-EBDF-4AA2-977B-C59BE527F27F}
	EndGlobalSection
EndGlobal
